Microsoft Visual Studio Solution File, Format Version 12.00
# Visual Studio Version 17
VisualStudioVersion = 17.5.2.0
MinimumVisualStudioVersion = 10.0.40219.1
Project("{FAE04EC0-301F-11D3-BF4B-00C04F79EFBC}") = "ApiBostil", "ApiBostil.csproj", "{C7E37322-E7B5-1971-E1D0-9C19AF866CF4}"
EndProject
Global
	GlobalSection(SolutionConfigurationPlatforms) = preSolution
		Debug|Any CPU = Debug|Any CPU
		Release|Any CPU = Release|Any CPU
	EndGlobalSection
	GlobalSection(ProjectConfigurationPlatforms) = postSolution
		{C7E37322-E7B5-1971-E1D0-9C19AF866CF4}.Debug|Any CPU.ActiveCfg = Debug|Any CPU
		{C7E37322-E7B5-1971-E1D0-9C19AF866CF4}.Debug|Any CPU.Build.0 = Debug|Any CPU
		{C7E37322-E7B5-1971-E1D0-9C19AF866CF4}.Release|Any CPU.ActiveCfg = Release|Any CPU
		{C7E37322-E7B5-1971-E1D0-9C19AF866CF4}.Release|Any CPU.Build.0 = Release|Any CPU
	EndGlobalSection
	GlobalSection(SolutionProperties) = preSolution
		HideSolutionNode = FALSE
	EndGlobalSection
	GlobalSection(ExtensibilityGlobals) = postSolution
		SolutionGuid = {5A556139-F7D2-4E8B-B1B2-2A2E87B1510C}
	EndGlobalSection
EndGlobal
